
Microsoft Visual Studio Solution File, Format Version 12.00
# Visual Studio 2012
Project("{FAE04EC0-301F-11D3-BF4B-00C04F79EFBC}") = "RedditApi8", "RedditApi8\RedditApi8.csproj", "{88155A3B-BF83-44BC-95BB-8381B49DE4E6}"
EndProject
Project("{FAE04EC0-301F-11D3-BF4B-00C04F79EFBC}") = "RedditApi8.Tests", "RedditApi8.Tests\RedditApi8.Tests.csproj", "{46E4233C-C8F9-4F77-98A1-A31CEA2F961E}"
EndProject
Global
	GlobalSection(SolutionConfigurationPlatforms) = preSolution
		Debug|Any CPU = Debug|Any CPU
		Debug|ARM = Debug|ARM
		Debug|x64 = Debug|x64
		Debug|x86 = Debug|x86
		Release|Any CPU = Release|Any CPU
		Release|ARM = Release|ARM
		Release|x64 = Release|x64
		Release|x86 = Release|x86
		Test|Any CPU = Test|Any CPU
		Test|ARM = Test|ARM
		Test|x64 = Test|x64
		Test|x86 = Test|x86
	EndGlobalSection
	GlobalSection(ProjectConfigurationPlatforms) = postSolution
		{88155A3B-BF83-44BC-95BB-8381B49DE4E6}.Debug|Any CPU.ActiveCfg = Debug|Any CPU
		{88155A3B-BF83-44BC-95BB-8381B49DE4E6}.Debug|Any CPU.Build.0 = Debug|Any CPU
		{88155A3B-BF83-44BC-95BB-8381B49DE4E6}.Debug|ARM.ActiveCfg = Debug|ARM
		{88155A3B-BF83-44BC-95BB-8381B49DE4E6}.Debug|ARM.Build.0 = Debug|ARM
		{88155A3B-BF83-44BC-95BB-8381B49DE4E6}.Debug|x64.ActiveCfg = Debug|x64
		{88155A3B-BF83-44BC-95BB-8381B49DE4E6}.Debug|x64.Build.0 = Debug|x64
		{88155A3B-BF83-44BC-95BB-8381B49DE4E6}.Debug|x86.ActiveCfg = Debug|x86
		{88155A3B-BF83-44BC-95BB-8381B49DE4E6}.Debug|x86.Build.0 = Debug|x86
		{88155A3B-BF83-44BC-95BB-8381B49DE4E6}.Release|Any CPU.ActiveCfg = Release|Any CPU
		{88155A3B-BF83-44BC-95BB-8381B49DE4E6}.Release|Any CPU.Build.0 = Release|Any CPU
		{88155A3B-BF83-44BC-95BB-8381B49DE4E6}.Release|ARM.ActiveCfg = Release|ARM
		{88155A3B-BF83-44BC-95BB-8381B49DE4E6}.Release|ARM.Build.0 = Release|ARM
		{88155A3B-BF83-44BC-95BB-8381B49DE4E6}.Release|x64.ActiveCfg = Release|x64
		{88155A3B-BF83-44BC-95BB-8381B49DE4E6}.Release|x64.Build.0 = Release|x64
		{88155A3B-BF83-44BC-95BB-8381B49DE4E6}.Release|x86.ActiveCfg = Release|x86
		{88155A3B-BF83-44BC-95BB-8381B49DE4E6}.Release|x86.Build.0 = Release|x86
		{88155A3B-BF83-44BC-95BB-8381B49DE4E6}.Test|Any CPU.ActiveCfg = Test|Any CPU
		{88155A3B-BF83-44BC-95BB-8381B49DE4E6}.Test|Any CPU.Build.0 = Test|Any CPU
		{88155A3B-BF83-44BC-95BB-8381B49DE4E6}.Test|ARM.ActiveCfg = Test|ARM
		{88155A3B-BF83-44BC-95BB-8381B49DE4E6}.Test|ARM.Build.0 = Test|ARM
		{88155A3B-BF83-44BC-95BB-8381B49DE4E6}.Test|x64.ActiveCfg = Test|x64
		{88155A3B-BF83-44BC-95BB-8381B49DE4E6}.Test|x64.Build.0 = Test|x64
		{88155A3B-BF83-44BC-95BB-8381B49DE4E6}.Test|x86.ActiveCfg = Test|x86
		{88155A3B-BF83-44BC-95BB-8381B49DE4E6}.Test|x86.Build.0 = Test|x86
		{46E4233C-C8F9-4F77-98A1-A31CEA2F961E}.Debug|Any CPU.ActiveCfg = Debug|Any CPU
		{46E4233C-C8F9-4F77-98A1-A31CEA2F961E}.Debug|ARM.ActiveCfg = Debug|ARM
		{46E4233C-C8F9-4F77-98A1-A31CEA2F961E}.Debug|ARM.Build.0 = Debug|ARM
		{46E4233C-C8F9-4F77-98A1-A31CEA2F961E}.Debug|ARM.Deploy.0 = Debug|ARM
		{46E4233C-C8F9-4F77-98A1-A31CEA2F961E}.Debug|x64.ActiveCfg = Debug|x64
		{46E4233C-C8F9-4F77-98A1-A31CEA2F961E}.Debug|x64.Build.0 = Debug|x64
		{46E4233C-C8F9-4F77-98A1-A31CEA2F961E}.Debug|x64.Deploy.0 = Debug|x64
		{46E4233C-C8F9-4F77-98A1-A31CEA2F961E}.Debug|x86.ActiveCfg = Debug|x86
		{46E4233C-C8F9-4F77-98A1-A31CEA2F961E}.Debug|x86.Build.0 = Debug|x86
		{46E4233C-C8F9-4F77-98A1-A31CEA2F961E}.Debug|x86.Deploy.0 = Debug|x86
		{46E4233C-C8F9-4F77-98A1-A31CEA2F961E}.Release|Any CPU.ActiveCfg = Release|Any CPU
		{46E4233C-C8F9-4F77-98A1-A31CEA2F961E}.Release|ARM.ActiveCfg = Release|ARM
		{46E4233C-C8F9-4F77-98A1-A31CEA2F961E}.Release|ARM.Build.0 = Release|ARM
		{46E4233C-C8F9-4F77-98A1-A31CEA2F961E}.Release|ARM.Deploy.0 = Release|ARM
		{46E4233C-C8F9-4F77-98A1-A31CEA2F961E}.Release|x64.ActiveCfg = Release|x64
		{46E4233C-C8F9-4F77-98A1-A31CEA2F961E}.Release|x64.Build.0 = Release|x64
		{46E4233C-C8F9-4F77-98A1-A31CEA2F961E}.Release|x64.Deploy.0 = Release|x64
		{46E4233C-C8F9-4F77-98A1-A31CEA2F961E}.Release|x86.ActiveCfg = Release|x86
		{46E4233C-C8F9-4F77-98A1-A31CEA2F961E}.Release|x86.Build.0 = Release|x86
		{46E4233C-C8F9-4F77-98A1-A31CEA2F961E}.Release|x86.Deploy.0 = Release|x86
		{46E4233C-C8F9-4F77-98A1-A31CEA2F961E}.Test|Any CPU.ActiveCfg = Test|Any CPU
		{46E4233C-C8F9-4F77-98A1-A31CEA2F961E}.Test|Any CPU.Build.0 = Test|Any CPU
		{46E4233C-C8F9-4F77-98A1-A31CEA2F961E}.Test|Any CPU.Deploy.0 = Test|Any CPU
		{46E4233C-C8F9-4F77-98A1-A31CEA2F961E}.Test|ARM.ActiveCfg = Test|ARM
		{46E4233C-C8F9-4F77-98A1-A31CEA2F961E}.Test|ARM.Build.0 = Test|ARM
		{46E4233C-C8F9-4F77-98A1-A31CEA2F961E}.Test|ARM.Deploy.0 = Test|ARM
		{46E4233C-C8F9-4F77-98A1-A31CEA2F961E}.Test|x64.ActiveCfg = Test|x64
		{46E4233C-C8F9-4F77-98A1-A31CEA2F961E}.Test|x64.Build.0 = Test|x64
		{46E4233C-C8F9-4F77-98A1-A31CEA2F961E}.Test|x64.Deploy.0 = Test|x64
		{46E4233C-C8F9-4F77-98A1-A31CEA2F961E}.Test|x86.ActiveCfg = Test|x86
		{46E4233C-C8F9-4F77-98A1-A31CEA2F961E}.Test|x86.Build.0 = Test|x86
		{46E4233C-C8F9-4F77-98A1-A31CEA2F961E}.Test|x86.Deploy.0 = Test|x86
	EndGlobalSection
	GlobalSection(SolutionProperties) = preSolution
		HideSolutionNode = FALSE
	EndGlobalSection
EndGlobal
